<?xml version="1.0" encoding="utf-8"?>
<Project ToolsVersion="4.0" xmlns="http://schemas.microsoft.com/developer/msbuild/2003">
  <ItemGroup>
    <Filter Include="Исходные файлы">
      <UniqueIdentifier>{4FC737F1-C7A5-4376-A066-2A32D752A2FF}</UniqueIdentifier>
      <Extensions>cpp;c;cc;cxx;c++;cppm;ixx;def;odl;idl;hpj;bat;asm;asmx</Extensions>
    </Filter>
    <Filter Include="Файлы заголовков">
      <UniqueIdentifier>{93995380-89BD-4b04-88EB-625FBE52EBFB}</UniqueIdentifier>
      <Extensions>h;hh;hpp;hxx;h++;hm;inl;inc;ipp;xsd</Extensions>
    </Filter>
    <Filter Include="Файлы ресурсов">
      <UniqueIdentifier>{67DA6AB6-F800-4c08-8B7A-83BB121AAD01}</UniqueIdentifier>
      <Extensions>rc;ico;cur;bmp;dlg;rc2;rct;bin;rgs;gif;jpg;jpeg;jpe;resx;tiff;tif;png;wav;mfcribbon-ms</Extensions>
    </Filter>
    <Filter Include="Файлы заголовков\homework">
      <UniqueIdentifier>{03b84dec-0e1f-449c-9960-879207f1a5f6}</UniqueIdentifier>
    </Filter>
    <Filter Include="Файлы заголовков\mystd">
      <UniqueIdentifier>{ced2e10b-7ac0-4f41-b533-f2a3843098ff}</UniqueIdentifier>
    </Filter>
    <Filter Include="Файлы заголовков\test_extra">
      <UniqueIdentifier>{522916e5-c7a8-4be0-b679-4215ab61590f}</UniqueIdentifier>
    </Filter>
    <Filter Include="Файлы заголовков\homework\03_09_25">
      <UniqueIdentifier>{6571e561-8b5f-432a-842c-d264ba2ccc90}</UniqueIdentifier>
    </Filter>
    <Filter Include="Файлы заголовков\homework\06_09_25">
      <UniqueIdentifier>{a9846a22-3587-4d6a-b072-ee3d91d626d3}</UniqueIdentifier>
    </Filter>
    <Filter Include="Файлы заголовков\classwork">
      <UniqueIdentifier>{44d1f231-8093-4ec1-acc3-acffc3278435}</UniqueIdentifier>
    </Filter>
    <Filter Include="Файлы заголовков\classwork\functional">
      <UniqueIdentifier>{009b09f2-aed4-427a-ba5b-071edfa24200}</UniqueIdentifier>
    </Filter>
    <Filter Include="Исходные файлы\functional">
      <UniqueIdentifier>{4e7585e5-82be-41e4-ac6a-c06e69a7abeb}</UniqueIdentifier>
    </Filter>
    <Filter Include="Исходные файлы\OOP">
      <UniqueIdentifier>{a5044d8b-2aa9-4670-80ea-715d82a4ad11}</UniqueIdentifier>
    </Filter>
    <Filter Include="Файлы заголовков\homework\17_09_25">
      <UniqueIdentifier>{eba28646-0d9a-43e5-a44c-e3f49e29dca1}</UniqueIdentifier>
    </Filter>
    <Filter Include="Файлы заголовков\classwork\OOP">
      <UniqueIdentifier>{6505da5b-8c15-4f8e-afb7-0696cc21ccb9}</UniqueIdentifier>
    </Filter>
    <Filter Include="Файлы заголовков\homework\20_09_25">
      <UniqueIdentifier>{786fbdd7-5333-4688-8ad2-55a189546a7a}</UniqueIdentifier>
    </Filter>
    <Filter Include="Файлы заголовков\homework\20_09_25\main">
      <UniqueIdentifier>{dd98f42c-d6a7-4a5e-957b-9e3df54bf751}</UniqueIdentifier>
    </Filter>
    <Filter Include="Файлы заголовков\homework\24_09_25">
      <UniqueIdentifier>{00a839ec-ee90-4637-af92-3320c64cbb1c}</UniqueIdentifier>
    </Filter>
    <Filter Include="Файлы заголовков\mystd\components">
      <UniqueIdentifier>{5ee2852c-88d2-4d5e-802f-931f6fd69615}</UniqueIdentifier>
    </Filter>
    <Filter Include="Файлы заголовков\mystd\components\Queue">
      <UniqueIdentifier>{d7279f95-4779-4683-9790-179fc8eaf55a}</UniqueIdentifier>
    </Filter>
    <Filter Include="Файлы заголовков\mystd\components\Exception">
      <UniqueIdentifier>{44c222ed-89fa-4957-bb7d-0c74d637bab6}</UniqueIdentifier>
    </Filter>
    <Filter Include="Файлы заголовков\mystd\components\Vector">
      <UniqueIdentifier>{ab1ee87a-1b07-4f1f-ac07-58d74785b2f6}</UniqueIdentifier>
    </Filter>
    <Filter Include="Файлы заголовков\mystd\components\Stack">
      <UniqueIdentifier>{c0d2a11f-02dd-4fd0-b068-5bd748e0ce44}</UniqueIdentifier>
    </Filter>
    <Filter Include="Файлы заголовков\mystd\components\String">
      <UniqueIdentifier>{c510ed29-e98c-4f1d-9797-745fab317836}</UniqueIdentifier>
    </Filter>
    <Filter Include="Файлы заголовков\mystd\Global">
      <UniqueIdentifier>{2da6b9f1-daa0-4468-b7e5-f4afbe874ebf}</UniqueIdentifier>
    </Filter>
    <Filter Include="Файлы заголовков\mystd\components\List">
      <UniqueIdentifier>{87859cb1-99fa-4624-b75a-20870b65b807}</UniqueIdentifier>
    </Filter>
    <Filter Include="Файлы заголовков\homework\04_10_25">
      <UniqueIdentifier>{77527a29-16eb-4002-9344-bf7b8cfcd9b5}</UniqueIdentifier>
    </Filter>
    <Filter Include="Файлы заголовков\homework\04_10_25\main">
      <UniqueIdentifier>{345924c5-edd4-46e4-8f13-73b39c60ba4a}</UniqueIdentifier>
    </Filter>
  </ItemGroup>
  <ItemGroup>
    <ClCompile Include="source.cpp">
      <Filter>Исходные файлы\functional</Filter>
    </ClCompile>
    <ClCompile Include="SourceOOP.cpp">
      <Filter>Исходные файлы\OOP</Filter>
    </ClCompile>
  </ItemGroup>
  <ItemGroup>
    <ClInclude Include="PhoneBook.h">
      <Filter>Файлы заголовков\homework\06_09_25</Filter>
    </ClInclude>
    <ClInclude Include="Contact.h">
      <Filter>Файлы заголовков\homework\06_09_25</Filter>
    </ClInclude>
    <ClInclude Include="Student_New.h">
      <Filter>Файлы заголовков\homework\03_09_25</Filter>
    </ClInclude>
    <ClInclude Include="new_PointNew.h">
      <Filter>Файлы заголовков\homework\03_09_25</Filter>
    </ClInclude>
    <ClInclude Include="fullstd.h">
      <Filter>Файлы заголовков\test_extra</Filter>
    </ClInclude>
    <ClInclude Include="anyTypeArray.h">
      <Filter>Файлы заголовков\test_extra</Filter>
    </ClInclude>
    <ClInclude Include="Menu.h">
      <Filter>Файлы заголовков\test_extra</Filter>
    </ClInclude>
    <ClInclude Include="Fraction.h">
      <Filter>Файлы заголовков\classwork\OOP</Filter>
    </ClInclude>
    <ClInclude Include="MyFunctions.h">
      <Filter>Файлы заголовков\classwork\functional</Filter>
    </ClInclude>
    <ClInclude Include="mylibrary.h">
      <Filter>Файлы заголовков\classwork\functional</Filter>
    </ClInclude>
    <ClInclude Include="Bank.h">
      <Filter>Файлы заголовков\classwork\OOP</Filter>
    </ClInclude>
    <ClInclude Include="MyStructures.h">
      <Filter>Файлы заголовков\classwork\OOP</Filter>
    </ClInclude>
    <ClInclude Include="ReservoirType.h">
      <Filter>Файлы заголовков\classwork\OOP</Filter>
    </ClInclude>
    <ClInclude Include="Human.h">
      <Filter>Файлы заголовков\homework\17_09_25</Filter>
    </ClInclude>
    <ClInclude Include="Apartment.h">
      <Filter>Файлы заголовков\homework\17_09_25</Filter>
    </ClInclude>
    <ClInclude Include="House.h">
      <Filter>Файлы заголовков\homework\17_09_25</Filter>
    </ClInclude>
    <ClInclude Include="Date.h">
      <Filter>Файлы заголовков\homework\17_09_25</Filter>
    </ClInclude>
    <ClInclude Include="Book.h">
      <Filter>Файлы заголовков\homework\20_09_25</Filter>
    </ClInclude>
    <ClInclude Include="Worker.h">
      <Filter>Файлы заголовков\homework\20_09_25</Filter>
    </ClInclude>
    <ClInclude Include="20_09_25-main.h">
      <Filter>Файлы заголовков\homework\20_09_25\main</Filter>
    </ClInclude>
    <ClInclude Include="Circle.h">
      <Filter>Файлы заголовков\homework\24_09_25</Filter>
    </ClInclude>
    <ClInclude Include="Airplane.h">
      <Filter>Файлы заголовков\homework\24_09_25</Filter>
    </ClInclude>
    <ClInclude Include="mystd.h">
      <Filter>Файлы заголовков\mystd</Filter>
    </ClInclude>
    <ClInclude Include="Out_of_range.h">
      <Filter>Файлы заголовков\mystd\components\Exception</Filter>
    </ClInclude>
    <ClInclude Include="PriorityQueue.h">
      <Filter>Файлы заголовков\mystd\components\Queue</Filter>
    </ClInclude>
    <ClInclude Include="Queue.h">
      <Filter>Файлы заголовков\mystd\components\Queue</Filter>
    </ClInclude>
    <ClInclude Include="List.h">
      <Filter>Файлы заголовков\mystd\components\List</Filter>
    </ClInclude>
    <ClInclude Include="Vector.h">
      <Filter>Файлы заголовков\mystd\components\Vector</Filter>
    </ClInclude>
    <ClInclude Include="Stack.h">
      <Filter>Файлы заголовков\mystd\components\Stack</Filter>
    </ClInclude>
    <ClInclude Include="String.h">
      <Filter>Файлы заголовков\mystd\components\String</Filter>
    </ClInclude>
    <ClInclude Include="gNode.h">
      <Filter>Файлы заголовков\mystd\Global</Filter>
    </ClInclude>
    <ClInclude Include="Printer.h">
      <Filter>Файлы заголовков\homework\04_10_25</Filter>
    </ClInclude>
    <ClInclude Include="Queue.h">
      <Filter>Файлы заголовков\mystd\components</Filter>
    </ClInclude>
    <ClInclude Include="PriorityQueue.h">
      <Filter>Файлы заголовков\mystd\components</Filter>
    </ClInclude>
    <ClInclude Include="Node.h">
      <Filter>Файлы заголовков\mystd\components</Filter>
    </ClInclude>
  </ItemGroup>
  <ItemGroup>
    <None Include="House.bin">
      <Filter>Исходные файлы\functional</Filter>
    </None>
    <None Include="HouseClass.bin">
      <Filter>Исходные файлы\OOP</Filter>
    </None>
  </ItemGroup>
</Project>